
Microsoft Visual Studio Solution File, Format Version 12.00
# Visual Studio Version 17
VisualStudioVersion = 17.5.33424.131
MinimumVisualStudioVersion = 10.0.40219.1
Project("{FAE04EC0-301F-11D3-BF4B-00C04F79EFBC}") = "aula 2 att1", "aula 2 att1\aula 2 att1.csproj", "{F3E00407-EC6D-4C2D-A71D-C9C8C89CABC9}"
EndProject
Global
	GlobalSection(SolutionConfigurationPlatforms) = preSolution
		Debug|Any CPU = Debug|Any CPU
		Release|Any CPU = Release|Any CPU
	EndGlobalSection
	GlobalSection(ProjectConfigurationPlatforms) = postSolution
		{F3E00407-EC6D-4C2D-A71D-C9C8C89CABC9}.Debug|Any CPU.ActiveCfg = Debug|Any CPU
		{F3E00407-EC6D-4C2D-A71D-C9C8C89CABC9}.Debug|Any CPU.Build.0 = Debug|Any CPU
		{F3E00407-EC6D-4C2D-A71D-C9C8C89CABC9}.Release|Any CPU.ActiveCfg = Release|Any CPU
		{F3E00407-EC6D-4C2D-A71D-C9C8C89CABC9}.Release|Any CPU.Build.0 = Release|Any CPU
	EndGlobalSection
	GlobalSection(SolutionProperties) = preSolution
		HideSolutionNode = FALSE
	EndGlobalSection
	GlobalSection(ExtensibilityGlobals) = postSolution
		SolutionGuid = {4C005F7D-BD80-4762-9A4D-A41960152B8D}
	EndGlobalSection
EndGlobal
